// !$*UTF8*$!
{
	archiveVersion = 1;
	classes = {
	};
	objectVersion = 50;
	objects = {

/* Begin PBXBuildFile section */
		D34A8AF92429E08400661416 /* firstVC.swift in Sources */ = {isa = PBXBuildFile; fileRef = D34A8AF82429E08400661416 /* firstVC.swift */; };
		D34A8AFB2429EE9F00661416 /* LevelVC.swift in Sources */ = {isa = PBXBuildFile; fileRef = D34A8AFA2429EE9F00661416 /* LevelVC.swift */; };
		D34A8AFD242A05B500661416 /* TypeVC.swift in Sources */ = {isa = PBXBuildFile; fileRef = D34A8AFC242A05B500661416 /* TypeVC.swift */; };
		D34A8AFF242A082100661416 /* SecondVC.swift in Sources */ = {isa = PBXBuildFile; fileRef = D34A8AFE242A082100661416 /* SecondVC.swift */; };
		D34A8B01242A09A100661416 /* ThirdVC.swift in Sources */ = {isa = PBXBuildFile; fileRef = D34A8B00242A09A100661416 /* ThirdVC.swift */; };
		D34A8B03242A0AD600661416 /* SuccessVC.swift in Sources */ = {isa = PBXBuildFile; fileRef = D34A8B02242A0AD600661416 /* SuccessVC.swift */; };
		D34A8B05242A102800661416 /* FourthVC.swift in Sources */ = {isa = PBXBuildFile; fileRef = D34A8B04242A102800661416 /* FourthVC.swift */; };
		D34A8B07242A103800661416 /* FifthVC.swift in Sources */ = {isa = PBXBuildFile; fileRef = D34A8B06242A103800661416 /* FifthVC.swift */; };
		D34A8B09242A129700661416 /* AboutVC.swift in Sources */ = {isa = PBXBuildFile; fileRef = D34A8B08242A129700661416 /* AboutVC.swift */; };
		D36383D62429D92000D4E5F9 /* AppDelegate.swift in Sources */ = {isa = PBXBuildFile; fileRef = D36383D52429D92000D4E5F9 /* AppDelegate.swift */; };
		D36383D82429D92000D4E5F9 /* SceneDelegate.swift in Sources */ = {isa = PBXBuildFile; fileRef = D36383D72429D92000D4E5F9 /* SceneDelegate.swift */; };
		D36383DA2429D92000D4E5F9 /* ViewController.swift in Sources */ = {isa = PBXBuildFile; fileRef = D36383D92429D92000D4E5F9 /* ViewController.swift */; };
		D36383DD2429D92000D4E5F9 /* Main.storyboard in Resources */ = {isa = PBXBuildFile; fileRef = D36383DB2429D92000D4E5F9 /* Main.storyboard */; };
		D36383DF2429D92200D4E5F9 /* Assets.xcassets in Resources */ = {isa = PBXBuildFile; fileRef = D36383DE2429D92200D4E5F9 /* Assets.xcassets */; };
		D36383E22429D92200D4E5F9 /* LaunchScreen.storyboard in Resources */ = {isa = PBXBuildFile; fileRef = D36383E02429D92200D4E5F9 /* LaunchScreen.storyboard */; };
/* End PBXBuildFile section */

/* Begin PBXFileReference section */
		D34A8AF82429E08400661416 /* firstVC.swift */ = {isa = PBXFileReference; lastKnownFileType = sourcecode.swift; path = firstVC.swift; sourceTree = "<group>"; };
		D34A8AFA2429EE9F00661416 /* LevelVC.swift */ = {isa = PBXFileReference; lastKnownFileType = sourcecode.swift; path = LevelVC.swift; sourceTree = "<group>"; };
		D34A8AFC242A05B500661416 /* TypeVC.swift */ = {isa = PBXFileReference; lastKnownFileType = sourcecode.swift; path = TypeVC.swift; sourceTree = "<group>"; };
		D34A8AFE242A082100661416 /* SecondVC.swift */ = {isa = PBXFileReference; lastKnownFileType = sourcecode.swift; path = SecondVC.swift; sourceTree = "<group>"; };
		D34A8B00242A09A100661416 /* ThirdVC.swift */ = {isa = PBXFileReference; lastKnownFileType = sourcecode.swift; path = ThirdVC.swift; sourceTree = "<group>"; };
		D34A8B02242A0AD600661416 /* SuccessVC.swift */ = {isa = PBXFileReference; lastKnownFileType = sourcecode.swift; path = SuccessVC.swift; sourceTree = "<group>"; };
		D34A8B04242A102800661416 /* FourthVC.swift */ = {isa = PBXFileReference; lastKnownFileType = sourcecode.swift; path = FourthVC.swift; sourceTree = "<group>"; };
		D34A8B06242A103800661416 /* FifthVC.swift */ = {isa = PBXFileReference; lastKnownFileType = sourcecode.swift; path = FifthVC.swift; sourceTree = "<group>"; };
		D34A8B08242A129700661416 /* AboutVC.swift */ = {isa = PBXFileReference; lastKnownFileType = sourcecode.swift; path = AboutVC.swift; sourceTree = "<group>"; };
		D36383D22429D92000D4E5F9 /* Math-masters.app */ = {isa = PBXFileReference; explicitFileType = wrapper.application; includeInIndex = 0; path = "Math-masters.app"; sourceTree = BUILT_PRODUCTS_DIR; };
		D36383D52429D92000D4E5F9 /* AppDelegate.swift */ = {isa = PBXFileReference; lastKnownFileType = sourcecode.swift; path = AppDelegate.swift; sourceTree = "<group>"; };
		D36383D72429D92000D4E5F9 /* SceneDelegate.swift */ = {isa = PBXFileReference; lastKnownFileType = sourcecode.swift; path = SceneDelegate.swift; sourceTree = "<group>"; };
		D36383D92429D92000D4E5F9 /* ViewController.swift */ = {isa = PBXFileReference; lastKnownFileType = sourcecode.swift; path = ViewController.swift; sourceTree = "<group>"; };
		D36383DC2429D92000D4E5F9 /* Base */ = {isa = PBXFileReference; lastKnownFileType = file.storyboard; name = Base; path = Base.lproj/Main.storyboard; sourceTree = "<group>"; };
		D36383DE2429D92200D4E5F9 /* Assets.xcassets */ = {isa = PBXFileReference; lastKnownFileType = folder.assetcatalog; path = Assets.xcassets; sourceTree = "<group>"; };
		D36383E12429D92200D4E5F9 /* Base */ = {isa = PBXFileReference; lastKnownFileType = file.storyboard; name = Base; path = Base.lproj/LaunchScreen.storyboard; sourceTree = "<group>"; };
		D36383E32429D92200D4E5F9 /* Info.plist */ = {isa = PBXFileReference; lastKnownFileType = text.plist.xml; path = Info.plist; sourceTree = "<group>"; };
/* End PBXFileReference section */

/* Begin PBXFrameworksBuildPhase section */
		D36383CF2429D92000D4E5F9 /* Frameworks */ = {
			isa = PBXFrameworksBuildPhase;
			buildActionMask = 2147483647;
			files = (
			);
			runOnlyForDeploymentPostprocessing = 0;
		};
/* End PBXFrameworksBuildPhase section */

/* Begin PBXGroup section */
		D36383C92429D92000D4E5F9 = {
			isa = PBXGroup;
			children = (
				D36383D42429D92000D4E5F9 /* Mathmaster */,
				D36383D32429D92000D4E5F9 /* Products */,
			);
			sourceTree = "<group>";
		};
		D36383D32429D92000D4E5F9 /* Products */ = {
			isa = PBXGroup;
			children = (
				D36383D22429D92000D4E5F9 /* Math-masters.app */,
			);
			name = Products;
			sourceTree = "<group>";
		};
		D36383D42429D92000D4E5F9 /* Mathmaster */ = {
			isa = PBXGroup;
			children = (
				D36383D52429D92000D4E5F9 /* AppDelegate.swift */,
				D36383D72429D92000D4E5F9 /* SceneDelegate.swift */,
				D34A8AF82429E08400661416 /* firstVC.swift */,
				D36383D92429D92000D4E5F9 /* ViewController.swift */,
				D34A8AFA2429EE9F00661416 /* LevelVC.swift */,
				D34A8AFC242A05B500661416 /* TypeVC.swift */,
				D34A8AFE242A082100661416 /* SecondVC.swift */,
				D34A8B00242A09A100661416 /* ThirdVC.swift */,
				D34A8B04242A102800661416 /* FourthVC.swift */,
				D34A8B06242A103800661416 /* FifthVC.swift */,
				D34A8B02242A0AD600661416 /* SuccessVC.swift */,
				D34A8B08242A129700661416 /* AboutVC.swift */,
				D36383DB2429D92000D4E5F9 /* Main.storyboard */,
				D36383DE2429D92200D4E5F9 /* Assets.xcassets */,
				D36383E02429D92200D4E5F9 /* LaunchScreen.storyboard */,
				D36383E32429D92200D4E5F9 /* Info.plist */,
			);
			path = Mathmaster;
			sourceTree = "<group>";
		};
/* End PBXGroup section */

/* Begin PBXNativeTarget section */
		D36383D12429D92000D4E5F9 /* Mathmaster */ = {
			isa = PBXNativeTarget;
			buildConfigurationList = D36383E62429D92200D4E5F9 /* Build configuration list for PBXNativeTarget "Mathmaster" */;
			buildPhases = (
				D36383CE2429D92000D4E5F9 /* Sources */,
				D36383CF2429D92000D4E5F9 /* Frameworks */,
				D36383D02429D92000D4E5F9 /* Resources */,
			);
			buildRules = (
			);
			dependencies = (
			);
			name = Mathmaster;
			productName = Mathmaster;
			productReference = D36383D22429D92000D4E5F9 /* Math-masters.app */;
			productType = "com.apple.product-type.application";
		};
/* End PBXNativeTarget section */

/* Begin PBXProject section */
		D36383CA2429D92000D4E5F9 /* Project object */ = {
			isa = PBXProject;
			attributes = {
				LastSwiftUpdateCheck = 1120;
				LastUpgradeCheck = 1120;
				ORGANIZATIONNAME = "keval dattani";
				TargetAttributes = {
					D36383D12429D92000D4E5F9 = {
						CreatedOnToolsVersion = 11.2.1;
					};
				};
			};
			buildConfigurationList = D36383CD2429D92000D4E5F9 /* Build configuration list for PBXProject "Mathmaster" */;
			compatibilityVersion = "Xcode 9.3";
			developmentRegion = en;
			hasScannedForEncodings = 0;
			knownRegions = (
				en,
				Base,
			);
			mainGroup = D36383C92429D92000D4E5F9;
			productRefGroup = D36383D32429D92000D4E5F9 /* Products */;
			projectDirPath = "";
			projectRoot = "";
			targets = (
				D36383D12429D92000D4E5F9 /* Mathmaster */,
			);
		};
/* End PBXProject section */

/* Begin PBXResourcesBuildPhase section */
		D36383D02429D92000D4E5F9 /* Resources */ = {
			isa = PBXResourcesBuildPhase;
			buildActionMask = 2147483647;
			files = (
				D36383E22429D92200D4E5F9 /* LaunchScreen.storyboard in Resources */,
				D36383DF2429D92200D4E5F9 /* Assets.xcassets in Resources */,
				D36383DD2429D92000D4E5F9 /* Main.storyboard in Resources */,
			);
			runOnlyForDeploymentPostprocessing = 0;
		};
/* End PBXResourcesBuildPhase section */

/* Begin PBXSourcesBuildPhase section */
		D36383CE2429D92000D4E5F9 /* Sources */ = {
			isa = PBXSourcesBuildPhase;
			buildActionMask = 2147483647;
			files = (
				D34A8B07242A103800661416 /* FifthVC.swift in Sources */,
				D34A8B05242A102800661416 /* FourthVC.swift in Sources */,
				D34A8AFB2429EE9F00661416 /* LevelVC.swift in Sources */,
				D34A8B03242A0AD600661416 /* SuccessVC.swift in Sources */,
				D36383DA2429D92000D4E5F9 /* ViewController.swift in Sources */,
				D34A8AFF242A082100661416 /* SecondVC.swift in Sources */,
				D34A8AF92429E08400661416 /* firstVC.swift in Sources */,
				D34A8B01242A09A100661416 /* ThirdVC.swift in Sources */,
				D34A8B09242A129700661416 /* AboutVC.swift in Sources */,
				D36383D62429D92000D4E5F9 /* AppDelegate.swift in Sources */,
				D34A8AFD242A05B500661416 /* TypeVC.swift in Sources */,
				D36383D82429D92000D4E5F9 /* SceneDelegate.swift in Sources */,
			);
			runOnlyForDeploymentPostprocessing = 0;
		};
/* End PBXSourcesBuildPhase section */

/* Begin PBXVariantGroup section */
		D36383DB2429D92000D4E5F9 /* Main.storyboard */ = {
			isa = PBXVariantGroup;
			children = (
				D36383DC2429D92000D4E5F9 /* Base */,
			);
			name = Main.storyboard;
			sourceTree = "<group>";
		};
		D36383E02429D92200D4E5F9 /* LaunchScreen.storyboard */ = {
			isa = PBXVariantGroup;
			children = (
				D36383E12429D92200D4E5F9 /* Base */,
			);
			name = LaunchScreen.storyboard;
			sourceTree = "<group>";
		};
/* End PBXVariantGroup section */

/* Begin XCBuildConfiguration section */
		D36383E42429D92200D4E5F9 /* Debug */ = {
			isa = XCBuildConfiguration;
			buildSettings = {
				ALWAYS_SEARCH_USER_PATHS = NO;
				CLANG_ANALYZER_NONNULL = YES;
				CLANG_ANALYZER_NUMBER_OBJECT_CONVERSION = YES_AGGRESSIVE;
				CLANG_CXX_LANGUAGE_STANDARD = "gnu++14";
				CLANG_CXX_LIBRARY = "libc++";
				CLANG_ENABLE_MODULES = YES;
				CLANG_ENABLE_OBJC_ARC = YES;
				CLANG_ENABLE_OBJC_WEAK = YES;
				CLANG_WARN_BLOCK_CAPTURE_AUTORELEASING = YES;
				CLANG_WARN_BOOL_CONVERSION = YES;
				CLANG_WARN_COMMA = YES;
				CLANG_WARN_CONSTANT_CONVERSION = YES;
				CLANG_WARN_DEPRECATED_OBJC_IMPLEMENTATIONS = YES;
				CLANG_WARN_DIRECT_OBJC_ISA_USAGE = YES_ERROR;
				CLANG_WARN_DOCUMENTATION_COMMENTS = YES;
				CLANG_WARN_EMPTY_BODY = YES;
				CLANG_WARN_ENUM_CONVERSION = YES;
				CLANG_WARN_INFINITE_RECURSION = YES;
				CLANG_WARN_INT_CONVERSION = YES;
				CLANG_WARN_NON_LITERAL_NULL_CONVERSION = YES;
				CLANG_WARN_OBJC_IMPLICIT_RETAIN_SELF = YES;
				CLANG_WARN_OBJC_LITERAL_CONVERSION = YES;
				CLANG_WARN_OBJC_ROOT_CLASS = YES_ERROR;
				CLANG_WARN_RANGE_LOOP_ANALYSIS = YES;
				CLANG_WARN_STRICT_PROTOTYPES = YES;
				CLANG_WARN_SUSPICIOUS_MOVE = YES;
				CLANG_WARN_UNGUARDED_AVAILABILITY = YES_AGGRESSIVE;
				CLANG_WARN_UNREACHABLE_CODE = YES;
				CLANG_WARN__DUPLICATE_METHOD_MATCH = YES;
				COPY_PHASE_STRIP = NO;
				DEBUG_INFORMATION_FORMAT = dwarf;
				ENABLE_STRICT_OBJC_MSGSEND = YES;
				ENABLE_TESTABILITY = YES;
				GCC_C_LANGUAGE_STANDARD = gnu11;
				GCC_DYNAMIC_NO_PIC = NO;
				GCC_NO_COMMON_BLOCKS = YES;
				GCC_OPTIMIZATION_LEVEL = 0;
				GCC_PREPROCESSOR_DEFINITIONS = (
					"DEBUG=1",
					"$(inherited)",
				);
				GCC_WARN_64_TO_32_BIT_CONVERSION = YES;
				GCC_WARN_ABOUT_RETURN_TYPE = YES_ERROR;
				GCC_WARN_UNDECLARED_SELECTOR = YES;
				GCC_WARN_UNINITIALIZED_AUTOS = YES_AGGRESSIVE;
				GCC_WARN_UNUSED_FUNCTION = YES;
				GCC_WARN_UNUSED_VARIABLE = YES;
				IPHONEOS_DEPLOYMENT_TARGET = 13.2;
				MTL_ENABLE_DEBUG_INFO = INCLUDE_SOURCE;
				MTL_FAST_MATH = YES;
				ONLY_ACTIVE_ARCH = YES;
				SDKROOT = iphoneos;
				SWIFT_ACTIVE_COMPILATION_CONDITIONS = DEBUG;
				SWIFT_OPTIMIZATION_LEVEL = "-Onone";
			};
			name = Debug;
		};
		D36383E52429D92200D4E5F9 /* Release */ = {
			isa = XCBuildConfiguration;
			buildSettings = {
				ALWAYS_SEARCH_USER_PATHS = NO;
				CLANG_ANALYZER_NONNULL = YES;
				CLANG_ANALYZER_NUMBER_OBJECT_CONVERSION = YES_AGGRESSIVE;
				CLANG_CXX_LANGUAGE_STANDARD = "gnu++14";
				CLANG_CXX_LIBRARY = "libc++";
				CLANG_ENABLE_MODULES = YES;
				CLANG_ENABLE_OBJC_ARC = YES;
				CLANG_ENABLE_OBJC_WEAK = YES;
				CLANG_WARN_BLOCK_CAPTURE_AUTORELEASING = YES;
				CLANG_WARN_BOOL_CONVERSION = YES;
				CLANG_WARN_COMMA = YES;
				CLANG_WARN_CONSTANT_CONVERSION = YES;
				CLANG_WARN_DEPRECATED_OBJC_IMPLEMENTATIONS = YES;
				CLANG_WARN_DIRECT_OBJC_ISA_USAGE = YES_ERROR;
				CLANG_WARN_DOCUMENTATION_COMMENTS = YES;
				CLANG_WARN_EMPTY_BODY = YES;
				CLANG_WARN_ENUM_CONVERSION = YES;
				CLANG_WARN_INFINITE_RECURSION = YES;
				CLANG_WARN_INT_CONVERSION = YES;
				CLANG_WARN_NON_LITERAL_NULL_CONVERSION = YES;
				CLANG_WARN_OBJC_IMPLICIT_RETAIN_SELF = YES;
				CLANG_WARN_OBJC_LITERAL_CONVERSION = YES;
				CLANG_WARN_OBJC_ROOT_CLASS = YES_ERROR;
				CLANG_WARN_RANGE_LOOP_ANALYSIS = YES;
				CLANG_WARN_STRICT_PROTOTYPES = YES;
				CLANG_WARN_SUSPICIOUS_MOVE = YES;
				CLANG_WARN_UNGUARDED_AVAILABILITY = YES_AGGRESSIVE;
				CLANG_WARN_UNREACHABLE_CODE = YES;
				CLANG_WARN__DUPLICATE_METHOD_MATCH = YES;
				COPY_PHASE_STRIP = NO;
				DEBUG_INFORMATION_FORMAT = "dwarf-with-dsym";
				ENABLE_NS_ASSERTIONS = NO;
				ENABLE_STRICT_OBJC_MSGSEND = YES;
				GCC_C_LANGUAGE_STANDARD = gnu11;
				GCC_NO_COMMON_BLOCKS = YES;
				GCC_WARN_64_TO_32_BIT_CONVERSION = YES;
				GCC_WARN_ABOUT_RETURN_TYPE = YES_ERROR;
				GCC_WARN_UNDECLARED_SELECTOR = YES;
				GCC_WARN_UNINITIALIZED_AUTOS = YES_AGGRESSIVE;
				GCC_WARN_UNUSED_FUNCTION = YES;
				GCC_WARN_UNUSED_VARIABLE = YES;
				IPHONEOS_DEPLOYMENT_TARGET = 13.2;
				MTL_ENABLE_DEBUG_INFO = NO;
				MTL_FAST_MATH = YES;
				SDKROOT = iphoneos;
				SWIFT_COMPILATION_MODE = wholemodule;
				SWIFT_OPTIMIZATION_LEVEL = "-O";
				VALIDATE_PRODUCT = YES;
			};
			name = Release;
		};
		D36383E72429D92200D4E5F9 /* Debug */ = {
			isa = XCBuildConfiguration;
			buildSettings = {
				ASSETCATALOG_COMPILER_APPICON_NAME = AppIcon;
				CODE_SIGN_STYLE = Automatic;
				DEVELOPMENT_TEAM = L264F7U6G4;
				INFOPLIST_FILE = Mathmaster/Info.plist;
				IPHONEOS_DEPLOYMENT_TARGET = 9.0;
				LD_RUNPATH_SEARCH_PATHS = (
					"$(inherited)",
					"@executable_path/Frameworks",
				);
				PRODUCT_BUNDLE_IDENTIFIER = com.kp.Mathmaster;
				PRODUCT_NAME = "Math-masters";
				SWIFT_VERSION = 5.0;
				TARGETED_DEVICE_FAMILY = 1;
			};
			name = Debug;
		};
		D36383E82429D92200D4E5F9 /* Release */ = {
			isa = XCBuildConfiguration;
			buildSettings = {
				ASSETCATALOG_COMPILER_APPICON_NAME = AppIcon;
				CODE_SIGN_STYLE = Automatic;
				DEVELOPMENT_TEAM = L264F7U6G4;
				INFOPLIST_FILE = Mathmaster/Info.plist;
				IPHONEOS_DEPLOYMENT_TARGET = 9.0;
				LD_RUNPATH_SEARCH_PATHS = (
					"$(inherited)",
					"@executable_path/Frameworks",
				);
				PRODUCT_BUNDLE_IDENTIFIER = com.kp.Mathmaster;
				PRODUCT_NAME = "Math-masters";
				SWIFT_VERSION = 5.0;
				TARGETED_DEVICE_FAMILY = 1;
			};
			name = Release;
		};
/* End XCBuildConfiguration section */

/* Begin XCConfigurationList section */
		D36383CD2429D92000D4E5F9 /* Build configuration list for PBXProject "Mathmaster" */ = {
			isa = XCConfigurationList;
			buildConfigurations = (
				D36383E42429D92200D4E5F9 /* Debug */,
				D36383E52429D92200D4E5F9 /* Release */,
			);
			defaultConfigurationIsVisible = 0;
			defaultConfigurationName = Release;
		};
		D36383E62429D92200D4E5F9 /* Build configuration list for PBXNativeTarget "Mathmaster" */ = {
			isa = XCConfigurationList;
			buildConfigurations = (
				D36383E72429D92200D4E5F9 /* Debug */,
				D36383E82429D92200D4E5F9 /* Release */,
			);
			defaultConfigurationIsVisible = 0;
			defaultConfigurationName = Release;
		};
/* End XCConfigurationList section */
	};
	rootObject = D36383CA2429D92000D4E5F9 /* Project object */;
}
